// !$*UTF8*$!
{
	archiveVersion = 1;
	classes = {
	};
	objectVersion = 56;
	objects = {

/* Begin PBXBuildFile section */
		F82095A02AF58ACE002F1C28 /* Symptom.swift in Sources */ = {isa = PBXBuildFile; fileRef = F820959F2AF58ACE002F1C28 /* Symptom.swift */; };
		F839EFF12AE0C4AE00CB5327 /* RegisterSymptomView.swift in Sources */ = {isa = PBXBuildFile; fileRef = F839EFF02AE0C4AE00CB5327 /* RegisterSymptomView.swift */; };
		FB1A55522AFD772900F9A74A /* CustomSlider.swift in Sources */ = {isa = PBXBuildFile; fileRef = FB1A55512AFD772900F9A74A /* CustomSlider.swift */; };
		FB1A55542AFD773F00F9A74A /* Button1MedTracker.swift in Sources */ = {isa = PBXBuildFile; fileRef = FB1A55532AFD773F00F9A74A /* Button1MedTracker.swift */; };
		FB320FA72AEB2754005865F5 /* AddSymptomView.swift in Sources */ = {isa = PBXBuildFile; fileRef = FB320FA62AEB2754005865F5 /* AddSymptomView.swift */; };
		FB45BFF22B0825AF0019C0A1 /* SearchBar.swift in Sources */ = {isa = PBXBuildFile; fileRef = FB45BFF12B0825AF0019C0A1 /* SearchBar.swift */; };
		FB45BFF42B08266B0019C0A1 /* SymbolIcon.swift in Sources */ = {isa = PBXBuildFile; fileRef = FB45BFF32B08266B0019C0A1 /* SymbolIcon.swift */; };
		FB45BFF62B08270E0019C0A1 /* SymbolLoader.swift in Sources */ = {isa = PBXBuildFile; fileRef = FB45BFF52B08270E0019C0A1 /* SymbolLoader.swift */; };
		FB45BFF82B08274C0019C0A1 /* SymbolsPicker.swift in Sources */ = {isa = PBXBuildFile; fileRef = FB45BFF72B08274C0019C0A1 /* SymbolsPicker.swift */; };
		FB45BFFA2B082B2B0019C0A1 /* UsageExample.swift in Sources */ = {isa = PBXBuildFile; fileRef = FB45BFF92B082B2B0019C0A1 /* UsageExample.swift */; };
		FB86F0712AFEC4160051C6A6 /* SymptomList.swift in Sources */ = {isa = PBXBuildFile; fileRef = FB86F0702AFEC4160051C6A6 /* SymptomList.swift */; };
		FB86F0732AFEC42A0051C6A6 /* RegisterList.swift in Sources */ = {isa = PBXBuildFile; fileRef = FB86F0722AFEC42A0051C6A6 /* RegisterList.swift */; };
		FB87FECF2ADDEE9800F6273B /* medTrackerApp.swift in Sources */ = {isa = PBXBuildFile; fileRef = FB87FECE2ADDEE9800F6273B /* medTrackerApp.swift */; };
		FB87FED12ADDEE9800F6273B /* MainView.swift in Sources */ = {isa = PBXBuildFile; fileRef = FB87FED02ADDEE9800F6273B /* MainView.swift */; };
		FB87FED32ADDEEA100F6273B /* Assets.xcassets in Resources */ = {isa = PBXBuildFile; fileRef = FB87FED22ADDEEA100F6273B /* Assets.xcassets */; };
		FB87FED62ADDEEA100F6273B /* Preview Assets.xcassets in Resources */ = {isa = PBXBuildFile; fileRef = FB87FED52ADDEEA100F6273B /* Preview Assets.xcassets */; };
		FBA3D15E2AFF0936000E3E39 /* HexToColor.swift in Sources */ = {isa = PBXBuildFile; fileRef = FBA3D15D2AFF0936000E3E39 /* HexToColor.swift */; };
		FBB5AD362AFC2829003918CA /* Register.swift in Sources */ = {isa = PBXBuildFile; fileRef = FBB5AD352AFC2829003918CA /* Register.swift */; };
		FBC7EF742B08263A00EDD70F /* UserModel.swift in Sources */ = {isa = PBXBuildFile; fileRef = FBC7EF732B08263A00EDD70F /* UserModel.swift */; };
		FBC80D982AF5AE0700820A3A /* SegmentedPicker in Frameworks */ = {isa = PBXBuildFile; productRef = FBC80D972AF5AE0700820A3A /* SegmentedPicker */; };
		FBD940AF2AFD73E800C3BD11 /* EditSymptomView.swift in Sources */ = {isa = PBXBuildFile; fileRef = FBD940AE2AFD73E800C3BD11 /* EditSymptomView.swift */; };
		FBD940B12AFD74D100C3BD11 /* WelcomeView.swift in Sources */ = {isa = PBXBuildFile; fileRef = FBD940B02AFD74D100C3BD11 /* WelcomeView.swift */; };
		FBD940B32AFD754A00C3BD11 /* RegisterView.swift in Sources */ = {isa = PBXBuildFile; fileRef = FBD940B22AFD754A00C3BD11 /* RegisterView.swift */; };
		FBD940B52AFD759D00C3BD11 /* LogInView.swift in Sources */ = {isa = PBXBuildFile; fileRef = FBD940B42AFD759D00C3BD11 /* LogInView.swift */; };
		FBD940B72AFD763000C3BD11 /* HomeView.swift in Sources */ = {isa = PBXBuildFile; fileRef = FBD940B62AFD763000C3BD11 /* HomeView.swift */; };
		FBE3812A2ADF3BC9004737C9 /* ProfileView.swift in Sources */ = {isa = PBXBuildFile; fileRef = FBE381292ADF3BC9004737C9 /* ProfileView.swift */; };
		FBE3812C2ADF3C2E004737C9 /* AnalysisView.swift in Sources */ = {isa = PBXBuildFile; fileRef = FBE3812B2ADF3C2E004737C9 /* AnalysisView.swift */; };
		FBE41E742AF6D464007B48E5 /* User.swift in Sources */ = {isa = PBXBuildFile; fileRef = FBE41E732AF6D464007B48E5 /* User.swift */; };
		FBEC062B2B080A82007AC73B /* FirebaseAnalytics in Frameworks */ = {isa = PBXBuildFile; productRef = FBEC062A2B080A82007AC73B /* FirebaseAnalytics */; };
		FBEC062D2B080A82007AC73B /* FirebaseFirestore in Frameworks */ = {isa = PBXBuildFile; productRef = FBEC062C2B080A82007AC73B /* FirebaseFirestore */; };
		FBEC062F2B080A82007AC73B /* FirebaseFirestoreSwift in Frameworks */ = {isa = PBXBuildFile; productRef = FBEC062E2B080A82007AC73B /* FirebaseFirestoreSwift */; };
		FBEC06322B080B3E007AC73B /* GoogleService-Info.plist in Resources */ = {isa = PBXBuildFile; fileRef = FBEC06312B080B3E007AC73B /* GoogleService-Info.plist */; };
		FBEC06372B0814B6007AC73B /* Repository.swift in Sources */ = {isa = PBXBuildFile; fileRef = FBEC06362B0814B6007AC73B /* Repository.swift */; };
/* End PBXBuildFile section */

/* Begin PBXFileReference section */
		F820959F2AF58ACE002F1C28 /* Symptom.swift */ = {isa = PBXFileReference; lastKnownFileType = sourcecode.swift; path = Symptom.swift; sourceTree = "<group>"; };
		F839EFF02AE0C4AE00CB5327 /* RegisterSymptomView.swift */ = {isa = PBXFileReference; lastKnownFileType = sourcecode.swift; path = RegisterSymptomView.swift; sourceTree = "<group>"; };
		F8D6CC832AFEE2A700736DFB /* TextFieldMedTracker1.swift */ = {isa = PBXFileReference; lastKnownFileType = sourcecode.swift; path = TextFieldMedTracker1.swift; sourceTree = "<group>"; };
		FB1A55512AFD772900F9A74A /* CustomSlider.swift */ = {isa = PBXFileReference; lastKnownFileType = sourcecode.swift; path = CustomSlider.swift; sourceTree = "<group>"; };
		FB1A55532AFD773F00F9A74A /* Button1MedTracker.swift */ = {isa = PBXFileReference; lastKnownFileType = sourcecode.swift; path = Button1MedTracker.swift; sourceTree = "<group>"; };
		FB320FA62AEB2754005865F5 /* AddSymptomView.swift */ = {isa = PBXFileReference; lastKnownFileType = sourcecode.swift; path = AddSymptomView.swift; sourceTree = "<group>"; };
		FB45BFF12B0825AF0019C0A1 /* SearchBar.swift */ = {isa = PBXFileReference; lastKnownFileType = sourcecode.swift; path = SearchBar.swift; sourceTree = "<group>"; };
		FB45BFF32B08266B0019C0A1 /* SymbolIcon.swift */ = {isa = PBXFileReference; lastKnownFileType = sourcecode.swift; path = SymbolIcon.swift; sourceTree = "<group>"; };
		FB45BFF52B08270E0019C0A1 /* SymbolLoader.swift */ = {isa = PBXFileReference; lastKnownFileType = sourcecode.swift; path = SymbolLoader.swift; sourceTree = "<group>"; };
		FB45BFF72B08274C0019C0A1 /* SymbolsPicker.swift */ = {isa = PBXFileReference; lastKnownFileType = sourcecode.swift; path = SymbolsPicker.swift; sourceTree = "<group>"; };
		FB45BFF92B082B2B0019C0A1 /* UsageExample.swift */ = {isa = PBXFileReference; lastKnownFileType = sourcecode.swift; path = UsageExample.swift; sourceTree = "<group>"; };
		FB86F0702AFEC4160051C6A6 /* SymptomList.swift */ = {isa = PBXFileReference; lastKnownFileType = sourcecode.swift; path = SymptomList.swift; sourceTree = "<group>"; };
		FB86F0722AFEC42A0051C6A6 /* RegisterList.swift */ = {isa = PBXFileReference; lastKnownFileType = sourcecode.swift; path = RegisterList.swift; sourceTree = "<group>"; };
		FB87FECB2ADDEE9800F6273B /* medTracker.app */ = {isa = PBXFileReference; explicitFileType = wrapper.application; includeInIndex = 0; path = medTracker.app; sourceTree = BUILT_PRODUCTS_DIR; };
		FB87FECE2ADDEE9800F6273B /* medTrackerApp.swift */ = {isa = PBXFileReference; lastKnownFileType = sourcecode.swift; path = medTrackerApp.swift; sourceTree = "<group>"; };
		FB87FED02ADDEE9800F6273B /* MainView.swift */ = {isa = PBXFileReference; lastKnownFileType = sourcecode.swift; path = MainView.swift; sourceTree = "<group>"; };
		FB87FED22ADDEEA100F6273B /* Assets.xcassets */ = {isa = PBXFileReference; lastKnownFileType = folder.assetcatalog; path = Assets.xcassets; sourceTree = "<group>"; };
		FB87FED52ADDEEA100F6273B /* Preview Assets.xcassets */ = {isa = PBXFileReference; lastKnownFileType = folder.assetcatalog; path = "Preview Assets.xcassets"; sourceTree = "<group>"; };
		FBA3D15D2AFF0936000E3E39 /* HexToColor.swift */ = {isa = PBXFileReference; lastKnownFileType = sourcecode.swift; path = HexToColor.swift; sourceTree = "<group>"; };
		FBB5AD352AFC2829003918CA /* Register.swift */ = {isa = PBXFileReference; lastKnownFileType = sourcecode.swift; path = Register.swift; sourceTree = "<group>"; };
		FBC7EF732B08263A00EDD70F /* UserModel.swift */ = {isa = PBXFileReference; lastKnownFileType = sourcecode.swift; path = UserModel.swift; sourceTree = "<group>"; };
		FBD940AE2AFD73E800C3BD11 /* EditSymptomView.swift */ = {isa = PBXFileReference; lastKnownFileType = sourcecode.swift; path = EditSymptomView.swift; sourceTree = "<group>"; };
		FBD940B02AFD74D100C3BD11 /* WelcomeView.swift */ = {isa = PBXFileReference; lastKnownFileType = sourcecode.swift; path = WelcomeView.swift; sourceTree = "<group>"; };
		FBD940B22AFD754A00C3BD11 /* RegisterView.swift */ = {isa = PBXFileReference; lastKnownFileType = sourcecode.swift; path = RegisterView.swift; sourceTree = "<group>"; };
		FBD940B42AFD759D00C3BD11 /* LogInView.swift */ = {isa = PBXFileReference; lastKnownFileType = sourcecode.swift; path = LogInView.swift; sourceTree = "<group>"; };
		FBD940B62AFD763000C3BD11 /* HomeView.swift */ = {isa = PBXFileReference; lastKnownFileType = sourcecode.swift; path = HomeView.swift; sourceTree = "<group>"; };
		FBE381292ADF3BC9004737C9 /* ProfileView.swift */ = {isa = PBXFileReference; lastKnownFileType = sourcecode.swift; path = ProfileView.swift; sourceTree = "<group>"; };
		FBE3812B2ADF3C2E004737C9 /* AnalysisView.swift */ = {isa = PBXFileReference; lastKnownFileType = sourcecode.swift; path = AnalysisView.swift; sourceTree = "<group>"; };
		FBE41E732AF6D464007B48E5 /* User.swift */ = {isa = PBXFileReference; lastKnownFileType = sourcecode.swift; path = User.swift; sourceTree = "<group>"; };
		FBEC06312B080B3E007AC73B /* GoogleService-Info.plist */ = {isa = PBXFileReference; fileEncoding = 4; lastKnownFileType = text.plist.xml; path = "GoogleService-Info.plist"; sourceTree = "<group>"; };
		FBEC06362B0814B6007AC73B /* Repository.swift */ = {isa = PBXFileReference; lastKnownFileType = sourcecode.swift; path = Repository.swift; sourceTree = "<group>"; };
/* End PBXFileReference section */

/* Begin PBXFrameworksBuildPhase section */
		FB87FEC82ADDEE9800F6273B /* Frameworks */ = {
			isa = PBXFrameworksBuildPhase;
			buildActionMask = 2147483647;
			files = (
				FBEC062B2B080A82007AC73B /* FirebaseAnalytics in Frameworks */,
				FBC80D982AF5AE0700820A3A /* SegmentedPicker in Frameworks */,
				FBEC062D2B080A82007AC73B /* FirebaseFirestore in Frameworks */,
				FBEC062F2B080A82007AC73B /* FirebaseFirestoreSwift in Frameworks */,
			);
			runOnlyForDeploymentPostprocessing = 0;
		};
/* End PBXFrameworksBuildPhase section */

/* Begin PBXGroup section */
		F83767772B0172850092CDED /* Recovered References */ = {
			isa = PBXGroup;
			children = (
				F8D6CC832AFEE2A700736DFB /* TextFieldMedTracker1.swift */,
			);
			name = "Recovered References";
			sourceTree = "<group>";
		};
		FB1A55552AFD793C00F9A74A /* View */ = {
			isa = PBXGroup;
			children = (
				FBD940B02AFD74D100C3BD11 /* WelcomeView.swift */,
				FBD940B22AFD754A00C3BD11 /* RegisterView.swift */,
				FBD940B42AFD759D00C3BD11 /* LogInView.swift */,
				FB87FED02ADDEE9800F6273B /* MainView.swift */,
				FBD940B62AFD763000C3BD11 /* HomeView.swift */,
				FBD940AE2AFD73E800C3BD11 /* EditSymptomView.swift */,
				FB320FA62AEB2754005865F5 /* AddSymptomView.swift */,
				F839EFF02AE0C4AE00CB5327 /* RegisterSymptomView.swift */,
				FBE3812B2ADF3C2E004737C9 /* AnalysisView.swift */,
				FBE381292ADF3BC9004737C9 /* ProfileView.swift */,
			);
			path = View;
			sourceTree = "<group>";
		};
		FB1A55572AFD795200F9A74A /* Model */ = {
			isa = PBXGroup;
			children = (
				F820959F2AF58ACE002F1C28 /* Symptom.swift */,
				FBB5AD352AFC2829003918CA /* Register.swift */,
				FBE41E732AF6D464007B48E5 /* User.swift */,
			);
			path = Model;
			sourceTree = "<group>";
		};
		FB45BFF02B0825640019C0A1 /* IconPicker */ = {
			isa = PBXGroup;
			children = (
				FB45BFF12B0825AF0019C0A1 /* SearchBar.swift */,
				FB45BFF32B08266B0019C0A1 /* SymbolIcon.swift */,
				FB45BFF52B08270E0019C0A1 /* SymbolLoader.swift */,
				FB45BFF72B08274C0019C0A1 /* SymbolsPicker.swift */,
				FB45BFF92B082B2B0019C0A1 /* UsageExample.swift */,
			);
			path = IconPicker;
			sourceTree = "<group>";
		};
		FB86F06F2AFEC3DD0051C6A6 /* ViewModel */ = {
			isa = PBXGroup;
			children = (
				FB86F0702AFEC4160051C6A6 /* SymptomList.swift */,
				FB86F0722AFEC42A0051C6A6 /* RegisterList.swift */,
				FBC7EF732B08263A00EDD70F /* UserModel.swift */,
			);
			path = ViewModel;
			sourceTree = "<group>";
		};
		FB87FEC22ADDEE9800F6273B = {
			isa = PBXGroup;
			children = (
				FB87FECD2ADDEE9800F6273B /* medTracker */,
				FB87FECC2ADDEE9800F6273B /* Products */,
				FBEC06302B080B2D007AC73B /* Resources */,
				F83767772B0172850092CDED /* Recovered References */,
			);
			sourceTree = "<group>";
		};
		FB87FECC2ADDEE9800F6273B /* Products */ = {
			isa = PBXGroup;
			children = (
				FB87FECB2ADDEE9800F6273B /* medTracker.app */,
			);
			name = Products;
			sourceTree = "<group>";
		};
		FB87FECD2ADDEE9800F6273B /* medTracker */ = {
			isa = PBXGroup;
			children = (
				FB87FECE2ADDEE9800F6273B /* medTrackerApp.swift */,
				FB1A55552AFD793C00F9A74A /* View */,
				FB86F06F2AFEC3DD0051C6A6 /* ViewModel */,
				FBEC06352B081497007AC73B /* Repository */,
				FB1A55572AFD795200F9A74A /* Model */,
				FB9BBE092AFD7C0F0045AACE /* Elements */,
				FB87FED22ADDEEA100F6273B /* Assets.xcassets */,
				FB87FED42ADDEEA100F6273B /* Preview Content */,
			);
			path = medTracker;
			sourceTree = "<group>";
		};
		FB87FED42ADDEEA100F6273B /* Preview Content */ = {
			isa = PBXGroup;
			children = (
				FB87FED52ADDEEA100F6273B /* Preview Assets.xcassets */,
			);
			path = "Preview Content";
			sourceTree = "<group>";
		};
		FB9BBE092AFD7C0F0045AACE /* Elements */ = {
			isa = PBXGroup;
			children = (
				FB1A55512AFD772900F9A74A /* CustomSlider.swift */,
				FB1A55532AFD773F00F9A74A /* Button1MedTracker.swift */,
				FBA3D15D2AFF0936000E3E39 /* HexToColor.swift */,
				FB45BFF02B0825640019C0A1 /* IconPicker */,
			);
			path = Elements;
			sourceTree = "<group>";
		};
		FBEC06302B080B2D007AC73B /* Resources */ = {
			isa = PBXGroup;
			children = (
				FBEC06312B080B3E007AC73B /* GoogleService-Info.plist */,
			);
			path = Resources;
			sourceTree = "<group>";
		};
		FBEC06352B081497007AC73B /* Repository */ = {
			isa = PBXGroup;
			children = (
				FBEC06362B0814B6007AC73B /* Repository.swift */,
			);
			path = Repository;
			sourceTree = "<group>";
		};
/* End PBXGroup section */

/* Begin PBXNativeTarget section */
		FB87FECA2ADDEE9800F6273B /* medTracker */ = {
			isa = PBXNativeTarget;
			buildConfigurationList = FB87FED92ADDEEA100F6273B /* Build configuration list for PBXNativeTarget "medTracker" */;
			buildPhases = (
				FB87FEC72ADDEE9800F6273B /* Sources */,
				FB87FEC82ADDEE9800F6273B /* Frameworks */,
				FB87FEC92ADDEE9800F6273B /* Resources */,
			);
			buildRules = (
			);
			dependencies = (
			);
			name = medTracker;
			packageProductDependencies = (
				FBC80D972AF5AE0700820A3A /* SegmentedPicker */,
				FBEC062A2B080A82007AC73B /* FirebaseAnalytics */,
				FBEC062C2B080A82007AC73B /* FirebaseFirestore */,
				FBEC062E2B080A82007AC73B /* FirebaseFirestoreSwift */,
			);
			productName = medTracker;
			productReference = FB87FECB2ADDEE9800F6273B /* medTracker.app */;
			productType = "com.apple.product-type.application";
		};
/* End PBXNativeTarget section */

/* Begin PBXProject section */
		FB87FEC32ADDEE9800F6273B /* Project object */ = {
			isa = PBXProject;
			attributes = {
				BuildIndependentTargetsInParallel = 1;
				LastSwiftUpdateCheck = 1430;
				LastUpgradeCheck = 1430;
				TargetAttributes = {
					FB87FECA2ADDEE9800F6273B = {
						CreatedOnToolsVersion = 14.3.1;
					};
				};
			};
			buildConfigurationList = FB87FEC62ADDEE9800F6273B /* Build configuration list for PBXProject "medTracker" */;
			compatibilityVersion = "Xcode 14.0";
			developmentRegion = en;
			hasScannedForEncodings = 0;
			knownRegions = (
				en,
				Base,
			);
			mainGroup = FB87FEC22ADDEE9800F6273B;
			packageReferences = (
				FBC80D962AF5AE0700820A3A /* XCRemoteSwiftPackageReference "SwiftySegmentedPicker" */,
				FBEC06292B080A82007AC73B /* XCRemoteSwiftPackageReference "firebase-ios-sdk" */,
			);
			productRefGroup = FB87FECC2ADDEE9800F6273B /* Products */;
			projectDirPath = "";
			projectRoot = "";
			targets = (
				FB87FECA2ADDEE9800F6273B /* medTracker */,
			);
		};
/* End PBXProject section */

/* Begin PBXResourcesBuildPhase section */
		FB87FEC92ADDEE9800F6273B /* Resources */ = {
			isa = PBXResourcesBuildPhase;
			buildActionMask = 2147483647;
			files = (
				FB87FED62ADDEEA100F6273B /* Preview Assets.xcassets in Resources */,
				FB87FED32ADDEEA100F6273B /* Assets.xcassets in Resources */,
				FBEC06322B080B3E007AC73B /* GoogleService-Info.plist in Resources */,
			);
			runOnlyForDeploymentPostprocessing = 0;
		};
/* End PBXResourcesBuildPhase section */

/* Begin PBXSourcesBuildPhase section */
		FB87FEC72ADDEE9800F6273B /* Sources */ = {
			isa = PBXSourcesBuildPhase;
			buildActionMask = 2147483647;
			files = (
				FBEC06372B0814B6007AC73B /* Repository.swift in Sources */,
				FB1A55542AFD773F00F9A74A /* Button1MedTracker.swift in Sources */,
				FBE3812A2ADF3BC9004737C9 /* ProfileView.swift in Sources */,
				FB86F0732AFEC42A0051C6A6 /* RegisterList.swift in Sources */,
				FB1A55522AFD772900F9A74A /* CustomSlider.swift in Sources */,
				F839EFF12AE0C4AE00CB5327 /* RegisterSymptomView.swift in Sources */,
				FB86F0712AFEC4160051C6A6 /* SymptomList.swift in Sources */,
				FBE3812C2ADF3C2E004737C9 /* AnalysisView.swift in Sources */,
				FBD940B32AFD754A00C3BD11 /* RegisterView.swift in Sources */,
				FB45BFF82B08274C0019C0A1 /* SymbolsPicker.swift in Sources */,
				FBD940B52AFD759D00C3BD11 /* LogInView.swift in Sources */,
				FB45BFF42B08266B0019C0A1 /* SymbolIcon.swift in Sources */,
				F82095A02AF58ACE002F1C28 /* Symptom.swift in Sources */,
				FBB5AD362AFC2829003918CA /* Register.swift in Sources */,
				FBD940B72AFD763000C3BD11 /* HomeView.swift in Sources */,
				FBE41E742AF6D464007B48E5 /* User.swift in Sources */,
				FB45BFF62B08270E0019C0A1 /* SymbolLoader.swift in Sources */,
				FBA3D15E2AFF0936000E3E39 /* HexToColor.swift in Sources */,
				FB87FED12ADDEE9800F6273B /* MainView.swift in Sources */,
				FB320FA72AEB2754005865F5 /* AddSymptomView.swift in Sources */,
				FBD940B12AFD74D100C3BD11 /* WelcomeView.swift in Sources */,
				FB45BFF22B0825AF0019C0A1 /* SearchBar.swift in Sources */,
				FBD940AF2AFD73E800C3BD11 /* EditSymptomView.swift in Sources */,
				FBC7EF742B08263A00EDD70F /* UserModel.swift in Sources */,
				FB45BFFA2B082B2B0019C0A1 /* UsageExample.swift in Sources */,
				FB87FECF2ADDEE9800F6273B /* medTrackerApp.swift in Sources */,
			);
			runOnlyForDeploymentPostprocessing = 0;
		};
/* End PBXSourcesBuildPhase section */

/* Begin XCBuildConfiguration section */
		FB87FED72ADDEEA100F6273B /* Debug */ = {
			isa = XCBuildConfiguration;
			buildSettings = {
				ALWAYS_SEARCH_USER_PATHS = NO;
				CLANG_ANALYZER_NONNULL = YES;
				CLANG_ANALYZER_NUMBER_OBJECT_CONVERSION = YES_AGGRESSIVE;
				CLANG_CXX_LANGUAGE_STANDARD = "gnu++20";
				CLANG_ENABLE_MODULES = YES;
				CLANG_ENABLE_OBJC_ARC = YES;
				CLANG_ENABLE_OBJC_WEAK = YES;
				CLANG_WARN_BLOCK_CAPTURE_AUTORELEASING = YES;
				CLANG_WARN_BOOL_CONVERSION = YES;
				CLANG_WARN_COMMA = YES;
				CLANG_WARN_CONSTANT_CONVERSION = YES;
				CLANG_WARN_DEPRECATED_OBJC_IMPLEMENTATIONS = YES;
				CLANG_WARN_DIRECT_OBJC_ISA_USAGE = YES_ERROR;
				CLANG_WARN_DOCUMENTATION_COMMENTS = YES;
				CLANG_WARN_EMPTY_BODY = YES;
				CLANG_WARN_ENUM_CONVERSION = YES;
				CLANG_WARN_INFINITE_RECURSION = YES;
				CLANG_WARN_INT_CONVERSION = YES;
				CLANG_WARN_NON_LITERAL_NULL_CONVERSION = YES;
				CLANG_WARN_OBJC_IMPLICIT_RETAIN_SELF = YES;
				CLANG_WARN_OBJC_LITERAL_CONVERSION = YES;
				CLANG_WARN_OBJC_ROOT_CLASS = YES_ERROR;
				CLANG_WARN_QUOTED_INCLUDE_IN_FRAMEWORK_HEADER = YES;
				CLANG_WARN_RANGE_LOOP_ANALYSIS = YES;
				CLANG_WARN_STRICT_PROTOTYPES = YES;
				CLANG_WARN_SUSPICIOUS_MOVE = YES;
				CLANG_WARN_UNGUARDED_AVAILABILITY = YES_AGGRESSIVE;
				CLANG_WARN_UNREACHABLE_CODE = YES;
				CLANG_WARN__DUPLICATE_METHOD_MATCH = YES;
				COPY_PHASE_STRIP = NO;
				DEBUG_INFORMATION_FORMAT = dwarf;
				ENABLE_STRICT_OBJC_MSGSEND = YES;
				ENABLE_TESTABILITY = YES;
				GCC_C_LANGUAGE_STANDARD = gnu11;
				GCC_DYNAMIC_NO_PIC = NO;
				GCC_NO_COMMON_BLOCKS = YES;
				GCC_OPTIMIZATION_LEVEL = 0;
				GCC_PREPROCESSOR_DEFINITIONS = (
					"DEBUG=1",
					"$(inherited)",
				);
				GCC_WARN_64_TO_32_BIT_CONVERSION = YES;
				GCC_WARN_ABOUT_RETURN_TYPE = YES_ERROR;
				GCC_WARN_UNDECLARED_SELECTOR = YES;
				GCC_WARN_UNINITIALIZED_AUTOS = YES_AGGRESSIVE;
				GCC_WARN_UNUSED_FUNCTION = YES;
				GCC_WARN_UNUSED_VARIABLE = YES;
				IPHONEOS_DEPLOYMENT_TARGET = 16.4;
				MTL_ENABLE_DEBUG_INFO = INCLUDE_SOURCE;
				MTL_FAST_MATH = YES;
				ONLY_ACTIVE_ARCH = YES;
				SDKROOT = iphoneos;
				SWIFT_ACTIVE_COMPILATION_CONDITIONS = DEBUG;
				SWIFT_OPTIMIZATION_LEVEL = "-Onone";
			};
			name = Debug;
		};
		FB87FED82ADDEEA100F6273B /* Release */ = {
			isa = XCBuildConfiguration;
			buildSettings = {
				ALWAYS_SEARCH_USER_PATHS = NO;
				CLANG_ANALYZER_NONNULL = YES;
				CLANG_ANALYZER_NUMBER_OBJECT_CONVERSION = YES_AGGRESSIVE;
				CLANG_CXX_LANGUAGE_STANDARD = "gnu++20";
				CLANG_ENABLE_MODULES = YES;
				CLANG_ENABLE_OBJC_ARC = YES;
				CLANG_ENABLE_OBJC_WEAK = YES;
				CLANG_WARN_BLOCK_CAPTURE_AUTORELEASING = YES;
				CLANG_WARN_BOOL_CONVERSION = YES;
				CLANG_WARN_COMMA = YES;
				CLANG_WARN_CONSTANT_CONVERSION = YES;
				CLANG_WARN_DEPRECATED_OBJC_IMPLEMENTATIONS = YES;
				CLANG_WARN_DIRECT_OBJC_ISA_USAGE = YES_ERROR;
				CLANG_WARN_DOCUMENTATION_COMMENTS = YES;
				CLANG_WARN_EMPTY_BODY = YES;
				CLANG_WARN_ENUM_CONVERSION = YES;
				CLANG_WARN_INFINITE_RECURSION = YES;
				CLANG_WARN_INT_CONVERSION = YES;
				CLANG_WARN_NON_LITERAL_NULL_CONVERSION = YES;
				CLANG_WARN_OBJC_IMPLICIT_RETAIN_SELF = YES;
				CLANG_WARN_OBJC_LITERAL_CONVERSION = YES;
				CLANG_WARN_OBJC_ROOT_CLASS = YES_ERROR;
				CLANG_WARN_QUOTED_INCLUDE_IN_FRAMEWORK_HEADER = YES;
				CLANG_WARN_RANGE_LOOP_ANALYSIS = YES;
				CLANG_WARN_STRICT_PROTOTYPES = YES;
				CLANG_WARN_SUSPICIOUS_MOVE = YES;
				CLANG_WARN_UNGUARDED_AVAILABILITY = YES_AGGRESSIVE;
				CLANG_WARN_UNREACHABLE_CODE = YES;
				CLANG_WARN__DUPLICATE_METHOD_MATCH = YES;
				COPY_PHASE_STRIP = NO;
				DEBUG_INFORMATION_FORMAT = "dwarf-with-dsym";
				ENABLE_NS_ASSERTIONS = NO;
				ENABLE_STRICT_OBJC_MSGSEND = YES;
				GCC_C_LANGUAGE_STANDARD = gnu11;
				GCC_NO_COMMON_BLOCKS = YES;
				GCC_WARN_64_TO_32_BIT_CONVERSION = YES;
				GCC_WARN_ABOUT_RETURN_TYPE = YES_ERROR;
				GCC_WARN_UNDECLARED_SELECTOR = YES;
				GCC_WARN_UNINITIALIZED_AUTOS = YES_AGGRESSIVE;
				GCC_WARN_UNUSED_FUNCTION = YES;
				GCC_WARN_UNUSED_VARIABLE = YES;
				IPHONEOS_DEPLOYMENT_TARGET = 16.4;
				MTL_ENABLE_DEBUG_INFO = NO;
				MTL_FAST_MATH = YES;
				SDKROOT = iphoneos;
				SWIFT_COMPILATION_MODE = wholemodule;
				SWIFT_OPTIMIZATION_LEVEL = "-O";
				VALIDATE_PRODUCT = YES;
			};
			name = Release;
		};
		FB87FEDA2ADDEEA100F6273B /* Debug */ = {
			isa = XCBuildConfiguration;
			buildSettings = {
				ASSETCATALOG_COMPILER_APPICON_NAME = AppIcon;
				ASSETCATALOG_COMPILER_GLOBAL_ACCENT_COLOR_NAME = AccentColor;
				CODE_SIGN_STYLE = Automatic;
				CURRENT_PROJECT_VERSION = 1;
				DEVELOPMENT_ASSET_PATHS = "\"medTracker/Preview Content\"";
				DEVELOPMENT_TEAM = 9MQSX62K58;
				ENABLE_PREVIEWS = YES;
				GENERATE_INFOPLIST_FILE = YES;
				INFOPLIST_KEY_UIApplicationSceneManifest_Generation = YES;
				INFOPLIST_KEY_UIApplicationSupportsIndirectInputEvents = YES;
				INFOPLIST_KEY_UILaunchScreen_Generation = YES;
				INFOPLIST_KEY_UISupportedInterfaceOrientations_iPad = "UIInterfaceOrientationPortrait UIInterfaceOrientationPortraitUpsideDown UIInterfaceOrientationLandscapeLeft UIInterfaceOrientationLandscapeRight";
				INFOPLIST_KEY_UISupportedInterfaceOrientations_iPhone = "UIInterfaceOrientationPortrait UIInterfaceOrientationLandscapeLeft UIInterfaceOrientationLandscapeRight";
				LD_RUNPATH_SEARCH_PATHS = (
					"$(inherited)",
					"@executable_path/Frameworks",
				);
				MARKETING_VERSION = 1.0;
				PRODUCT_BUNDLE_IDENTIFIER = mx.tec.medTracker;
				PRODUCT_NAME = "$(TARGET_NAME)";
				SWIFT_EMIT_LOC_STRINGS = YES;
				SWIFT_VERSION = 5.0;
				TARGETED_DEVICE_FAMILY = "1,2";
			};
			name = Debug;
		};
		FB87FEDB2ADDEEA100F6273B /* Release */ = {
			isa = XCBuildConfiguration;
			buildSettings = {
				ASSETCATALOG_COMPILER_APPICON_NAME = AppIcon;
				ASSETCATALOG_COMPILER_GLOBAL_ACCENT_COLOR_NAME = AccentColor;
				CODE_SIGN_STYLE = Automatic;
				CURRENT_PROJECT_VERSION = 1;
				DEVELOPMENT_ASSET_PATHS = "\"medTracker/Preview Content\"";
				DEVELOPMENT_TEAM = 9MQSX62K58;
				ENABLE_PREVIEWS = YES;
				GENERATE_INFOPLIST_FILE = YES;
				INFOPLIST_KEY_UIApplicationSceneManifest_Generation = YES;
				INFOPLIST_KEY_UIApplicationSupportsIndirectInputEvents = YES;
				INFOPLIST_KEY_UILaunchScreen_Generation = YES;
				INFOPLIST_KEY_UISupportedInterfaceOrientations_iPad = "UIInterfaceOrientationPortrait UIInterfaceOrientationPortraitUpsideDown UIInterfaceOrientationLandscapeLeft UIInterfaceOrientationLandscapeRight";
				INFOPLIST_KEY_UISupportedInterfaceOrientations_iPhone = "UIInterfaceOrientationPortrait UIInterfaceOrientationLandscapeLeft UIInterfaceOrientationLandscapeRight";
				LD_RUNPATH_SEARCH_PATHS = (
					"$(inherited)",
					"@executable_path/Frameworks",
				);
				MARKETING_VERSION = 1.0;
				PRODUCT_BUNDLE_IDENTIFIER = mx.tec.medTracker;
				PRODUCT_NAME = "$(TARGET_NAME)";
				SWIFT_EMIT_LOC_STRINGS = YES;
				SWIFT_VERSION = 5.0;
				TARGETED_DEVICE_FAMILY = "1,2";
			};
			name = Release;
		};
/* End XCBuildConfiguration section */

/* Begin XCConfigurationList section */
		FB87FEC62ADDEE9800F6273B /* Build configuration list for PBXProject "medTracker" */ = {
			isa = XCConfigurationList;
			buildConfigurations = (
				FB87FED72ADDEEA100F6273B /* Debug */,
				FB87FED82ADDEEA100F6273B /* Release */,
			);
			defaultConfigurationIsVisible = 0;
			defaultConfigurationName = Release;
		};
		FB87FED92ADDEEA100F6273B /* Build configuration list for PBXNativeTarget "medTracker" */ = {
			isa = XCConfigurationList;
			buildConfigurations = (
				FB87FEDA2ADDEEA100F6273B /* Debug */,
				FB87FEDB2ADDEEA100F6273B /* Release */,
			);
			defaultConfigurationIsVisible = 0;
			defaultConfigurationName = Release;
		};
/* End XCConfigurationList section */

/* Begin XCRemoteSwiftPackageReference section */
		FBC80D962AF5AE0700820A3A /* XCRemoteSwiftPackageReference "SwiftySegmentedPicker" */ = {
			isa = XCRemoteSwiftPackageReference;
			repositoryURL = "https://github.com/KazaiMazai/SwiftySegmentedPicker.git";
			requirement = {
				kind = upToNextMajorVersion;
				minimumVersion = 0.0.2;
			};
		};
		FBEC06292B080A82007AC73B /* XCRemoteSwiftPackageReference "firebase-ios-sdk" */ = {
			isa = XCRemoteSwiftPackageReference;
			repositoryURL = "https://github.com/firebase/firebase-ios-sdk.git";
			requirement = {
				kind = upToNextMajorVersion;
				minimumVersion = 10.0.0;
			};
		};
/* End XCRemoteSwiftPackageReference section */

/* Begin XCSwiftPackageProductDependency section */
		FBC80D972AF5AE0700820A3A /* SegmentedPicker */ = {
			isa = XCSwiftPackageProductDependency;
			package = FBC80D962AF5AE0700820A3A /* XCRemoteSwiftPackageReference "SwiftySegmentedPicker" */;
			productName = SegmentedPicker;
		};
		FBEC062A2B080A82007AC73B /* FirebaseAnalytics */ = {
			isa = XCSwiftPackageProductDependency;
			package = FBEC06292B080A82007AC73B /* XCRemoteSwiftPackageReference "firebase-ios-sdk" */;
			productName = FirebaseAnalytics;
		};
		FBEC062C2B080A82007AC73B /* FirebaseFirestore */ = {
			isa = XCSwiftPackageProductDependency;
			package = FBEC06292B080A82007AC73B /* XCRemoteSwiftPackageReference "firebase-ios-sdk" */;
			productName = FirebaseFirestore;
		};
		FBEC062E2B080A82007AC73B /* FirebaseFirestoreSwift */ = {
			isa = XCSwiftPackageProductDependency;
			package = FBEC06292B080A82007AC73B /* XCRemoteSwiftPackageReference "firebase-ios-sdk" */;
			productName = FirebaseFirestoreSwift;
		};
/* End XCSwiftPackageProductDependency section */
	};
	rootObject = FB87FEC32ADDEE9800F6273B /* Project object */;
}
